// !$*UTF8*$!
{
	archiveVersion = 1;
	classes = {
	};
	objectVersion = 51;
	objects = {

/* Begin PBXBuildFile section */
		5D193D9B72DA952958531412 /* Pods_Chat_Up.framework in Frameworks */ = {isa = PBXBuildFile; fileRef = E3399A2B54428F62737D8426 /* Pods_Chat_Up.framework */; };
		8753A16D25D1F222009E44F8 /* Constants.swift in Sources */ = {isa = PBXBuildFile; fileRef = 8753A16C25D1F222009E44F8 /* Constants.swift */; };
		8758ADD625D32191003F7E0E /* Message.swift in Sources */ = {isa = PBXBuildFile; fileRef = 8758ADD525D32191003F7E0E /* Message.swift */; };
		8758ADDA25D32714003F7E0E /* MessageCell.swift in Sources */ = {isa = PBXBuildFile; fileRef = 8758ADD825D32714003F7E0E /* MessageCell.swift */; };
		8758ADDB25D32714003F7E0E /* MessageCell.xib in Resources */ = {isa = PBXBuildFile; fileRef = 8758ADD925D32714003F7E0E /* MessageCell.xib */; };
		8759ACFB25D0325D0022176A /* GoogleService-Info.plist in Resources */ = {isa = PBXBuildFile; fileRef = 8759ACFA25D0325D0022176A /* GoogleService-Info.plist */; };
		87CE90EA25CA074100B17E63 /* AppDelegate.swift in Sources */ = {isa = PBXBuildFile; fileRef = 87CE90E925CA074100B17E63 /* AppDelegate.swift */; };
		87CE90EC25CA074100B17E63 /* SceneDelegate.swift in Sources */ = {isa = PBXBuildFile; fileRef = 87CE90EB25CA074100B17E63 /* SceneDelegate.swift */; };
		87CE90EE25CA074100B17E63 /* WelcomeViewController.swift in Sources */ = {isa = PBXBuildFile; fileRef = 87CE90ED25CA074100B17E63 /* WelcomeViewController.swift */; };
		87CE90F125CA074100B17E63 /* Main.storyboard in Resources */ = {isa = PBXBuildFile; fileRef = 87CE90EF25CA074100B17E63 /* Main.storyboard */; };
		87CE90F325CA074200B17E63 /* Assets.xcassets in Resources */ = {isa = PBXBuildFile; fileRef = 87CE90F225CA074200B17E63 /* Assets.xcassets */; };
		87CE90F625CA074200B17E63 /* LaunchScreen.storyboard in Resources */ = {isa = PBXBuildFile; fileRef = 87CE90F425CA074200B17E63 /* LaunchScreen.storyboard */; };
		87CE910925CA0A5500B17E63 /* SignUpViewController.swift in Sources */ = {isa = PBXBuildFile; fileRef = 87CE910825CA0A5500B17E63 /* SignUpViewController.swift */; };
		87CE910D25CA0B7F00B17E63 /* SignInViewController.swift in Sources */ = {isa = PBXBuildFile; fileRef = 87CE910C25CA0B7F00B17E63 /* SignInViewController.swift */; };
		87CE911025CA0BA300B17E63 /* ChatViewController.swift in Sources */ = {isa = PBXBuildFile; fileRef = 87CE910F25CA0BA300B17E63 /* ChatViewController.swift */; };
/* End PBXBuildFile section */

/* Begin PBXFileReference section */
		8753A16C25D1F222009E44F8 /* Constants.swift */ = {isa = PBXFileReference; lastKnownFileType = sourcecode.swift; path = Constants.swift; sourceTree = "<group>"; };
		8758ADD525D32191003F7E0E /* Message.swift */ = {isa = PBXFileReference; lastKnownFileType = sourcecode.swift; path = Message.swift; sourceTree = "<group>"; };
		8758ADD825D32714003F7E0E /* MessageCell.swift */ = {isa = PBXFileReference; lastKnownFileType = sourcecode.swift; path = MessageCell.swift; sourceTree = "<group>"; };
		8758ADD925D32714003F7E0E /* MessageCell.xib */ = {isa = PBXFileReference; lastKnownFileType = file.xib; path = MessageCell.xib; sourceTree = "<group>"; };
		8759ACFA25D0325D0022176A /* GoogleService-Info.plist */ = {isa = PBXFileReference; fileEncoding = 4; lastKnownFileType = text.plist.xml; path = "GoogleService-Info.plist"; sourceTree = "<group>"; };
		87CE90E625CA074100B17E63 /* Chat Up.app */ = {isa = PBXFileReference; explicitFileType = wrapper.application; includeInIndex = 0; path = "Chat Up.app"; sourceTree = BUILT_PRODUCTS_DIR; };
		87CE90E925CA074100B17E63 /* AppDelegate.swift */ = {isa = PBXFileReference; lastKnownFileType = sourcecode.swift; path = AppDelegate.swift; sourceTree = "<group>"; };
		87CE90EB25CA074100B17E63 /* SceneDelegate.swift */ = {isa = PBXFileReference; lastKnownFileType = sourcecode.swift; path = SceneDelegate.swift; sourceTree = "<group>"; };
		87CE90ED25CA074100B17E63 /* WelcomeViewController.swift */ = {isa = PBXFileReference; lastKnownFileType = sourcecode.swift; path = WelcomeViewController.swift; sourceTree = "<group>"; };
		87CE90F025CA074100B17E63 /* Base */ = {isa = PBXFileReference; lastKnownFileType = file.storyboard; name = Base; path = Base.lproj/Main.storyboard; sourceTree = "<group>"; };
		87CE90F225CA074200B17E63 /* Assets.xcassets */ = {isa = PBXFileReference; lastKnownFileType = folder.assetcatalog; path = Assets.xcassets; sourceTree = "<group>"; };
		87CE90F525CA074200B17E63 /* Base */ = {isa = PBXFileReference; lastKnownFileType = file.storyboard; name = Base; path = Base.lproj/LaunchScreen.storyboard; sourceTree = "<group>"; };
		87CE90F725CA074200B17E63 /* Info.plist */ = {isa = PBXFileReference; lastKnownFileType = text.plist.xml; path = Info.plist; sourceTree = "<group>"; };
		87CE910825CA0A5500B17E63 /* SignUpViewController.swift */ = {isa = PBXFileReference; lastKnownFileType = sourcecode.swift; path = SignUpViewController.swift; sourceTree = "<group>"; };
		87CE910C25CA0B7F00B17E63 /* SignInViewController.swift */ = {isa = PBXFileReference; lastKnownFileType = sourcecode.swift; path = SignInViewController.swift; sourceTree = "<group>"; };
		87CE910F25CA0BA300B17E63 /* ChatViewController.swift */ = {isa = PBXFileReference; lastKnownFileType = sourcecode.swift; path = ChatViewController.swift; sourceTree = "<group>"; };
		91DC3313FD6E4EC807FFB906 /* Pods-Chat Up.release.xcconfig */ = {isa = PBXFileReference; includeInIndex = 1; lastKnownFileType = text.xcconfig; name = "Pods-Chat Up.release.xcconfig"; path = "Target Support Files/Pods-Chat Up/Pods-Chat Up.release.xcconfig"; sourceTree = "<group>"; };
		E3399A2B54428F62737D8426 /* Pods_Chat_Up.framework */ = {isa = PBXFileReference; explicitFileType = wrapper.framework; includeInIndex = 0; path = Pods_Chat_Up.framework; sourceTree = BUILT_PRODUCTS_DIR; };
		E80ECFBE2CB2BDBC152F878D /* Pods-Chat Up.debug.xcconfig */ = {isa = PBXFileReference; includeInIndex = 1; lastKnownFileType = text.xcconfig; name = "Pods-Chat Up.debug.xcconfig"; path = "Target Support Files/Pods-Chat Up/Pods-Chat Up.debug.xcconfig"; sourceTree = "<group>"; };
/* End PBXFileReference section */

/* Begin PBXFrameworksBuildPhase section */
		87CE90E325CA074100B17E63 /* Frameworks */ = {
			isa = PBXFrameworksBuildPhase;
			buildActionMask = 2147483647;
			files = (
				5D193D9B72DA952958531412 /* Pods_Chat_Up.framework in Frameworks */,
			);
			runOnlyForDeploymentPostprocessing = 0;
		};
/* End PBXFrameworksBuildPhase section */

/* Begin PBXGroup section */
		5C7AF0B6786E31F4268EE281 /* Frameworks */ = {
			isa = PBXGroup;
			children = (
				E3399A2B54428F62737D8426 /* Pods_Chat_Up.framework */,
			);
			name = Frameworks;
			sourceTree = "<group>";
		};
		87CE90DD25CA074100B17E63 = {
			isa = PBXGroup;
			children = (
				87CE90E825CA074100B17E63 /* Chat Up */,
				87CE90E725CA074100B17E63 /* Products */,
				A6311783D9315E349DACFE1D /* Pods */,
				5C7AF0B6786E31F4268EE281 /* Frameworks */,
			);
			sourceTree = "<group>";
		};
		87CE90E725CA074100B17E63 /* Products */ = {
			isa = PBXGroup;
			children = (
				87CE90E625CA074100B17E63 /* Chat Up.app */,
			);
			name = Products;
			sourceTree = "<group>";
		};
		87CE90E825CA074100B17E63 /* Chat Up */ = {
			isa = PBXGroup;
			children = (
				87CE90E925CA074100B17E63 /* AppDelegate.swift */,
				87CE90EB25CA074100B17E63 /* SceneDelegate.swift */,
				87CE910125CA078C00B17E63 /* Model */,
				87CE90FE25CA075B00B17E63 /* View */,
				87CE90FF25CA077D00B17E63 /* Controller */,
				8753A16C25D1F222009E44F8 /* Constants.swift */,
				87CE90F225CA074200B17E63 /* Assets.xcassets */,
				87CE90F425CA074200B17E63 /* LaunchScreen.storyboard */,
				87CE90F725CA074200B17E63 /* Info.plist */,
				8759ACFA25D0325D0022176A /* GoogleService-Info.plist */,
			);
			path = "Chat Up";
			sourceTree = "<group>";
		};
		87CE90FE25CA075B00B17E63 /* View */ = {
			isa = PBXGroup;
			children = (
				87CE90EF25CA074100B17E63 /* Main.storyboard */,
				8758ADD825D32714003F7E0E /* MessageCell.swift */,
				8758ADD925D32714003F7E0E /* MessageCell.xib */,
			);
			path = View;
			sourceTree = "<group>";
		};
		87CE90FF25CA077D00B17E63 /* Controller */ = {
			isa = PBXGroup;
			children = (
				87CE90ED25CA074100B17E63 /* WelcomeViewController.swift */,
				87CE910825CA0A5500B17E63 /* SignUpViewController.swift */,
				87CE910C25CA0B7F00B17E63 /* SignInViewController.swift */,
				87CE910F25CA0BA300B17E63 /* ChatViewController.swift */,
			);
			path = Controller;
			sourceTree = "<group>";
		};
		87CE910125CA078C00B17E63 /* Model */ = {
			isa = PBXGroup;
			children = (
				8758ADD525D32191003F7E0E /* Message.swift */,
			);
			path = Model;
			sourceTree = "<group>";
		};
		A6311783D9315E349DACFE1D /* Pods */ = {
			isa = PBXGroup;
			children = (
				E80ECFBE2CB2BDBC152F878D /* Pods-Chat Up.debug.xcconfig */,
				91DC3313FD6E4EC807FFB906 /* Pods-Chat Up.release.xcconfig */,
			);
			path = Pods;
			sourceTree = "<group>";
		};
/* End PBXGroup section */

/* Begin PBXNativeTarget section */
		87CE90E525CA074100B17E63 /* Chat Up */ = {
			isa = PBXNativeTarget;
			buildConfigurationList = 87CE90FA25CA074200B17E63 /* Build configuration list for PBXNativeTarget "Chat Up" */;
			buildPhases = (
				45DE0BDDC5515402215FD940 /* [CP] Check Pods Manifest.lock */,
				87CE90E225CA074100B17E63 /* Sources */,
				87CE90E325CA074100B17E63 /* Frameworks */,
				87CE90E425CA074100B17E63 /* Resources */,
				BF0F1B23990184E976312763 /* [CP] Embed Pods Frameworks */,
			);
			buildRules = (
			);
			dependencies = (
			);
			name = "Chat Up";
			productName = "Chat Up";
			productReference = 87CE90E625CA074100B17E63 /* Chat Up.app */;
			productType = "com.apple.product-type.application";
		};
/* End PBXNativeTarget section */

/* Begin PBXProject section */
		87CE90DE25CA074100B17E63 /* Project object */ = {
			isa = PBXProject;
			attributes = {
				LastSwiftUpdateCheck = 1240;
				LastUpgradeCheck = 1240;
				TargetAttributes = {
					87CE90E525CA074100B17E63 = {
						CreatedOnToolsVersion = 12.4;
					};
				};
			};
			buildConfigurationList = 87CE90E125CA074100B17E63 /* Build configuration list for PBXProject "Chat Up" */;
			compatibilityVersion = "Xcode 9.3";
			developmentRegion = en;
			hasScannedForEncodings = 0;
			knownRegions = (
				en,
				Base,
			);
			mainGroup = 87CE90DD25CA074100B17E63;
			productRefGroup = 87CE90E725CA074100B17E63 /* Products */;
			projectDirPath = "";
			projectRoot = "";
			targets = (
				87CE90E525CA074100B17E63 /* Chat Up */,
			);
		};
/* End PBXProject section */

/* Begin PBXResourcesBuildPhase section */
		87CE90E425CA074100B17E63 /* Resources */ = {
			isa = PBXResourcesBuildPhase;
			buildActionMask = 2147483647;
			files = (
				8758ADDB25D32714003F7E0E /* MessageCell.xib in Resources */,
				87CE90F625CA074200B17E63 /* LaunchScreen.storyboard in Resources */,
				8759ACFB25D0325D0022176A /* GoogleService-Info.plist in Resources */,
				87CE90F325CA074200B17E63 /* Assets.xcassets in Resources */,
				87CE90F125CA074100B17E63 /* Main.storyboard in Resources */,
			);
			runOnlyForDeploymentPostprocessing = 0;
		};
/* End PBXResourcesBuildPhase section */

/* Begin PBXShellScriptBuildPhase section */
		45DE0BDDC5515402215FD940 /* [CP] Check Pods Manifest.lock */ = {
			isa = PBXShellScriptBuildPhase;
			buildActionMask = 2147483647;
			files = (
			);
			inputFileListPaths = (
			);
			inputPaths = (
				"${PODS_PODFILE_DIR_PATH}/Podfile.lock",
				"${PODS_ROOT}/Manifest.lock",
			);
			name = "[CP] Check Pods Manifest.lock";
			outputFileListPaths = (
			);
			outputPaths = (
				"$(DERIVED_FILE_DIR)/Pods-Chat Up-checkManifestLockResult.txt",
			);
			runOnlyForDeploymentPostprocessing = 0;
			shellPath = /bin/sh;
			shellScript = "diff \"${PODS_PODFILE_DIR_PATH}/Podfile.lock\" \"${PODS_ROOT}/Manifest.lock\" > /dev/null\nif [ $? != 0 ] ; then\n    # print error to STDERR\n    echo \"error: The sandbox is not in sync with the Podfile.lock. Run 'pod install' or update your CocoaPods installation.\" >&2\n    exit 1\nfi\n# This output is used by Xcode 'outputs' to avoid re-running this script phase.\necho \"SUCCESS\" > \"${SCRIPT_OUTPUT_FILE_0}\"\n";
			showEnvVarsInLog = 0;
		};
		BF0F1B23990184E976312763 /* [CP] Embed Pods Frameworks */ = {
			isa = PBXShellScriptBuildPhase;
			buildActionMask = 2147483647;
			files = (
			);
			inputFileListPaths = (
				"${PODS_ROOT}/Target Support Files/Pods-Chat Up/Pods-Chat Up-frameworks-${CONFIGURATION}-input-files.xcfilelist",
			);
			name = "[CP] Embed Pods Frameworks";
			outputFileListPaths = (
				"${PODS_ROOT}/Target Support Files/Pods-Chat Up/Pods-Chat Up-frameworks-${CONFIGURATION}-output-files.xcfilelist",
			);
			runOnlyForDeploymentPostprocessing = 0;
			shellPath = /bin/sh;
			shellScript = "\"${PODS_ROOT}/Target Support Files/Pods-Chat Up/Pods-Chat Up-frameworks.sh\"\n";
			showEnvVarsInLog = 0;
		};
/* End PBXShellScriptBuildPhase section */

/* Begin PBXSourcesBuildPhase section */
		87CE90E225CA074100B17E63 /* Sources */ = {
			isa = PBXSourcesBuildPhase;
			buildActionMask = 2147483647;
			files = (
				87CE90EE25CA074100B17E63 /* WelcomeViewController.swift in Sources */,
				87CE90EA25CA074100B17E63 /* AppDelegate.swift in Sources */,
				87CE90EC25CA074100B17E63 /* SceneDelegate.swift in Sources */,
				87CE910D25CA0B7F00B17E63 /* SignInViewController.swift in Sources */,
				8753A16D25D1F222009E44F8 /* Constants.swift in Sources */,
				8758ADD625D32191003F7E0E /* Message.swift in Sources */,
				87CE911025CA0BA300B17E63 /* ChatViewController.swift in Sources */,
				87CE910925CA0A5500B17E63 /* SignUpViewController.swift in Sources */,
				8758ADDA25D32714003F7E0E /* MessageCell.swift in Sources */,
			);
			runOnlyForDeploymentPostprocessing = 0;
		};
/* End PBXSourcesBuildPhase section */

/* Begin PBXVariantGroup section */
		87CE90EF25CA074100B17E63 /* Main.storyboard */ = {
			isa = PBXVariantGroup;
			children = (
				87CE90F025CA074100B17E63 /* Base */,
			);
			name = Main.storyboard;
			sourceTree = "<group>";
		};
		87CE90F425CA074200B17E63 /* LaunchScreen.storyboard */ = {
			isa = PBXVariantGroup;
			children = (
				87CE90F525CA074200B17E63 /* Base */,
			);
			name = LaunchScreen.storyboard;
			sourceTree = "<group>";
		};
/* End PBXVariantGroup section */

/* Begin XCBuildConfiguration section */
		87CE90F825CA074200B17E63 /* Debug */ = {
			isa = XCBuildConfiguration;
			buildSettings = {
				ALWAYS_SEARCH_USER_PATHS = NO;
				CLANG_ANALYZER_NONNULL = YES;
				CLANG_ANALYZER_NUMBER_OBJECT_CONVERSION = YES_AGGRESSIVE;
				CLANG_CXX_LANGUAGE_STANDARD = "gnu++14";
				CLANG_CXX_LIBRARY = "libc++";
				CLANG_ENABLE_MODULES = YES;
				CLANG_ENABLE_OBJC_ARC = YES;
				CLANG_ENABLE_OBJC_WEAK = YES;
				CLANG_WARN_BLOCK_CAPTURE_AUTORELEASING = YES;
				CLANG_WARN_BOOL_CONVERSION = YES;
				CLANG_WARN_COMMA = YES;
				CLANG_WARN_CONSTANT_CONVERSION = YES;
				CLANG_WARN_DEPRECATED_OBJC_IMPLEMENTATIONS = YES;
				CLANG_WARN_DIRECT_OBJC_ISA_USAGE = YES_ERROR;
				CLANG_WARN_DOCUMENTATION_COMMENTS = YES;
				CLANG_WARN_EMPTY_BODY = YES;
				CLANG_WARN_ENUM_CONVERSION = YES;
				CLANG_WARN_INFINITE_RECURSION = YES;
				CLANG_WARN_INT_CONVERSION = YES;
				CLANG_WARN_NON_LITERAL_NULL_CONVERSION = YES;
				CLANG_WARN_OBJC_IMPLICIT_RETAIN_SELF = YES;
				CLANG_WARN_OBJC_LITERAL_CONVERSION = YES;
				CLANG_WARN_OBJC_ROOT_CLASS = YES_ERROR;
				CLANG_WARN_QUOTED_INCLUDE_IN_FRAMEWORK_HEADER = YES;
				CLANG_WARN_RANGE_LOOP_ANALYSIS = YES;
				CLANG_WARN_STRICT_PROTOTYPES = YES;
				CLANG_WARN_SUSPICIOUS_MOVE = YES;
				CLANG_WARN_UNGUARDED_AVAILABILITY = YES_AGGRESSIVE;
				CLANG_WARN_UNREACHABLE_CODE = YES;
				CLANG_WARN__DUPLICATE_METHOD_MATCH = YES;
				COPY_PHASE_STRIP = NO;
				DEBUG_INFORMATION_FORMAT = dwarf;
				ENABLE_STRICT_OBJC_MSGSEND = YES;
				ENABLE_TESTABILITY = YES;
				GCC_C_LANGUAGE_STANDARD = gnu11;
				GCC_DYNAMIC_NO_PIC = NO;
				GCC_NO_COMMON_BLOCKS = YES;
				GCC_OPTIMIZATION_LEVEL = 0;
				GCC_PREPROCESSOR_DEFINITIONS = (
					"DEBUG=1",
					"$(inherited)",
				);
				GCC_WARN_64_TO_32_BIT_CONVERSION = YES;
				GCC_WARN_ABOUT_RETURN_TYPE = YES_ERROR;
				GCC_WARN_UNDECLARED_SELECTOR = YES;
				GCC_WARN_UNINITIALIZED_AUTOS = YES_AGGRESSIVE;
				GCC_WARN_UNUSED_FUNCTION = YES;
				GCC_WARN_UNUSED_VARIABLE = YES;
				IPHONEOS_DEPLOYMENT_TARGET = 14.4;
				MTL_ENABLE_DEBUG_INFO = INCLUDE_SOURCE;
				MTL_FAST_MATH = YES;
				ONLY_ACTIVE_ARCH = YES;
				SDKROOT = iphoneos;
				SWIFT_ACTIVE_COMPILATION_CONDITIONS = DEBUG;
				SWIFT_OPTIMIZATION_LEVEL = "-Onone";
			};
			name = Debug;
		};
		87CE90F925CA074200B17E63 /* Release */ = {
			isa = XCBuildConfiguration;
			buildSettings = {
				ALWAYS_SEARCH_USER_PATHS = NO;
				CLANG_ANALYZER_NONNULL = YES;
				CLANG_ANALYZER_NUMBER_OBJECT_CONVERSION = YES_AGGRESSIVE;
				CLANG_CXX_LANGUAGE_STANDARD = "gnu++14";
				CLANG_CXX_LIBRARY = "libc++";
				CLANG_ENABLE_MODULES = YES;
				CLANG_ENABLE_OBJC_ARC = YES;
				CLANG_ENABLE_OBJC_WEAK = YES;
				CLANG_WARN_BLOCK_CAPTURE_AUTORELEASING = YES;
				CLANG_WARN_BOOL_CONVERSION = YES;
				CLANG_WARN_COMMA = YES;
				CLANG_WARN_CONSTANT_CONVERSION = YES;
				CLANG_WARN_DEPRECATED_OBJC_IMPLEMENTATIONS = YES;
				CLANG_WARN_DIRECT_OBJC_ISA_USAGE = YES_ERROR;
				CLANG_WARN_DOCUMENTATION_COMMENTS = YES;
				CLANG_WARN_EMPTY_BODY = YES;
				CLANG_WARN_ENUM_CONVERSION = YES;
				CLANG_WARN_INFINITE_RECURSION = YES;
				CLANG_WARN_INT_CONVERSION = YES;
				CLANG_WARN_NON_LITERAL_NULL_CONVERSION = YES;
				CLANG_WARN_OBJC_IMPLICIT_RETAIN_SELF = YES;
				CLANG_WARN_OBJC_LITERAL_CONVERSION = YES;
				CLANG_WARN_OBJC_ROOT_CLASS = YES_ERROR;
				CLANG_WARN_QUOTED_INCLUDE_IN_FRAMEWORK_HEADER = YES;
				CLANG_WARN_RANGE_LOOP_ANALYSIS = YES;
				CLANG_WARN_STRICT_PROTOTYPES = YES;
				CLANG_WARN_SUSPICIOUS_MOVE = YES;
				CLANG_WARN_UNGUARDED_AVAILABILITY = YES_AGGRESSIVE;
				CLANG_WARN_UNREACHABLE_CODE = YES;
				CLANG_WARN__DUPLICATE_METHOD_MATCH = YES;
				COPY_PHASE_STRIP = NO;
				DEBUG_INFORMATION_FORMAT = "dwarf-with-dsym";
				ENABLE_NS_ASSERTIONS = NO;
				ENABLE_STRICT_OBJC_MSGSEND = YES;
				GCC_C_LANGUAGE_STANDARD = gnu11;
				GCC_NO_COMMON_BLOCKS = YES;
				GCC_WARN_64_TO_32_BIT_CONVERSION = YES;
				GCC_WARN_ABOUT_RETURN_TYPE = YES_ERROR;
				GCC_WARN_UNDECLARED_SELECTOR = YES;
				GCC_WARN_UNINITIALIZED_AUTOS = YES_AGGRESSIVE;
				GCC_WARN_UNUSED_FUNCTION = YES;
				GCC_WARN_UNUSED_VARIABLE = YES;
				IPHONEOS_DEPLOYMENT_TARGET = 14.4;
				MTL_ENABLE_DEBUG_INFO = NO;
				MTL_FAST_MATH = YES;
				SDKROOT = iphoneos;
				SWIFT_COMPILATION_MODE = wholemodule;
				SWIFT_OPTIMIZATION_LEVEL = "-O";
				VALIDATE_PRODUCT = YES;
			};
			name = Release;
		};
		87CE90FB25CA074200B17E63 /* Debug */ = {
			isa = XCBuildConfiguration;
			baseConfigurationReference = E80ECFBE2CB2BDBC152F878D /* Pods-Chat Up.debug.xcconfig */;
			buildSettings = {
				ASSETCATALOG_COMPILER_APPICON_NAME = AppIcon;
				ASSETCATALOG_COMPILER_GLOBAL_ACCENT_COLOR_NAME = AccentColor;
				CODE_SIGN_STYLE = Automatic;
				DEVELOPMENT_TEAM = 92RWZYGPSA;
				INFOPLIST_FILE = "Chat Up/Info.plist";
				LD_RUNPATH_SEARCH_PATHS = (
					"$(inherited)",
					"@executable_path/Frameworks",
				);
				PRODUCT_BUNDLE_IDENTIFIER = "com.danielcaccia.Chat-Up";
				PRODUCT_NAME = "$(TARGET_NAME)";
				SWIFT_VERSION = 5.0;
				TARGETED_DEVICE_FAMILY = "1,2";
			};
			name = Debug;
		};
		87CE90FC25CA074200B17E63 /* Release */ = {
			isa = XCBuildConfiguration;
			baseConfigurationReference = 91DC3313FD6E4EC807FFB906 /* Pods-Chat Up.release.xcconfig */;
			buildSettings = {
				ASSETCATALOG_COMPILER_APPICON_NAME = AppIcon;
				ASSETCATALOG_COMPILER_GLOBAL_ACCENT_COLOR_NAME = AccentColor;
				CODE_SIGN_STYLE = Automatic;
				DEVELOPMENT_TEAM = 92RWZYGPSA;
				INFOPLIST_FILE = "Chat Up/Info.plist";
				LD_RUNPATH_SEARCH_PATHS = (
					"$(inherited)",
					"@executable_path/Frameworks",
				);
				PRODUCT_BUNDLE_IDENTIFIER = "com.danielcaccia.Chat-Up";
				PRODUCT_NAME = "$(TARGET_NAME)";
				SWIFT_VERSION = 5.0;
				TARGETED_DEVICE_FAMILY = "1,2";
			};
			name = Release;
		};
/* End XCBuildConfiguration section */

/* Begin XCConfigurationList section */
		87CE90E125CA074100B17E63 /* Build configuration list for PBXProject "Chat Up" */ = {
			isa = XCConfigurationList;
			buildConfigurations = (
				87CE90F825CA074200B17E63 /* Debug */,
				87CE90F925CA074200B17E63 /* Release */,
			);
			defaultConfigurationIsVisible = 0;
			defaultConfigurationName = Release;
		};
		87CE90FA25CA074200B17E63 /* Build configuration list for PBXNativeTarget "Chat Up" */ = {
			isa = XCConfigurationList;
			buildConfigurations = (
				87CE90FB25CA074200B17E63 /* Debug */,
				87CE90FC25CA074200B17E63 /* Release */,
			);
			defaultConfigurationIsVisible = 0;
			defaultConfigurationName = Release;
		};
/* End XCConfigurationList section */
	};
	rootObject = 87CE90DE25CA074100B17E63 /* Project object */;
}
